
Microsoft Visual Studio Solution File, Format Version 12.00
# Visual Studio Version 17
VisualStudioVersion = 17.4.33205.214
MinimumVisualStudioVersion = 10.0.40219.1
Project("{FAE04EC0-301F-11D3-BF4B-00C04F79EFBC}") = "CabInvoiceGenerator", "CabInvoiceGenerator\CabInvoiceGenerator.csproj", "{04011DB5-0E27-4CBC-893C-06212324C11B}"
EndProject
Global
	GlobalSection(SolutionConfigurationPlatforms) = preSolution
		Debug|Any CPU = Debug|Any CPU
		Release|Any CPU = Release|Any CPU
	EndGlobalSection
	GlobalSection(ProjectConfigurationPlatforms) = postSolution
		{04011DB5-0E27-4CBC-893C-06212324C11B}.Debug|Any CPU.ActiveCfg = Debug|Any CPU
		{04011DB5-0E27-4CBC-893C-06212324C11B}.Debug|Any CPU.Build.0 = Debug|Any CPU
		{04011DB5-0E27-4CBC-893C-06212324C11B}.Release|Any CPU.ActiveCfg = Release|Any CPU
		{04011DB5-0E27-4CBC-893C-06212324C11B}.Release|Any CPU.Build.0 = Release|Any CPU
	EndGlobalSection
	GlobalSection(SolutionProperties) = preSolution
		HideSolutionNode = FALSE
	EndGlobalSection
	GlobalSection(ExtensibilityGlobals) = postSolution
		SolutionGuid = {F58B0316-919B-441A-9E1B-2D3992FA1DAD}
	EndGlobalSection
EndGlobal
